
Microsoft Visual Studio Solution File, Format Version 12.00
# Visual Studio Version 16
VisualStudioVersion = 16.0.29806.167
MinimumVisualStudioVersion = 10.0.40219.1
Project("{FAE04EC0-301F-11D3-BF4B-00C04F79EFBC}") = "Cliente.App", "Cliente.App\Cliente.App.csproj", "{9260006C-6DD2-4BC0-A60E-2CD1D954E103}"
EndProject
Project("{FAE04EC0-301F-11D3-BF4B-00C04F79EFBC}") = "Cliente.App.API", "Cliente.App.API\Cliente.App.API.csproj", "{D601B8BC-1DFD-419D-BA01-1B2EFABE5182}"
EndProject
Project("{FAE04EC0-301F-11D3-BF4B-00C04F79EFBC}") = "Cliente.Utility", "Cliente.Utility\Cliente.Utility.csproj", "{4954D5AA-ED48-4E2F-873A-AB26F6346C6C}"
EndProject
Project("{FAE04EC0-301F-11D3-BF4B-00C04F79EFBC}") = "Cliente.DataAccess", "Cliente.DataAccess\Cliente.DataAccess.csproj", "{7B0BE83B-14B0-4983-91FA-87F596AF9385}"
EndProject
Project("{FAE04EC0-301F-11D3-BF4B-00C04F79EFBC}") = "Cliente.Business", "Cliente.Business\Cliente.Business.csproj", "{A23C72BE-6145-4A63-95D4-B20BE8BF5122}"
EndProject
Project("{FAE04EC0-301F-11D3-BF4B-00C04F79EFBC}") = "Cliente.DTO", "Cliente.DTO\Cliente.DTO.csproj", "{963E4D4A-87D6-4154-84DA-175C08C5D124}"
EndProject
Global
	GlobalSection(SolutionConfigurationPlatforms) = preSolution
		Debug|Any CPU = Debug|Any CPU
		Release|Any CPU = Release|Any CPU
	EndGlobalSection
	GlobalSection(ProjectConfigurationPlatforms) = postSolution
		{9260006C-6DD2-4BC0-A60E-2CD1D954E103}.Debug|Any CPU.ActiveCfg = Debug|Any CPU
		{9260006C-6DD2-4BC0-A60E-2CD1D954E103}.Debug|Any CPU.Build.0 = Debug|Any CPU
		{9260006C-6DD2-4BC0-A60E-2CD1D954E103}.Release|Any CPU.ActiveCfg = Release|Any CPU
		{9260006C-6DD2-4BC0-A60E-2CD1D954E103}.Release|Any CPU.Build.0 = Release|Any CPU
		{D601B8BC-1DFD-419D-BA01-1B2EFABE5182}.Debug|Any CPU.ActiveCfg = Debug|Any CPU
		{D601B8BC-1DFD-419D-BA01-1B2EFABE5182}.Debug|Any CPU.Build.0 = Debug|Any CPU
		{D601B8BC-1DFD-419D-BA01-1B2EFABE5182}.Release|Any CPU.ActiveCfg = Release|Any CPU
		{D601B8BC-1DFD-419D-BA01-1B2EFABE5182}.Release|Any CPU.Build.0 = Release|Any CPU
		{4954D5AA-ED48-4E2F-873A-AB26F6346C6C}.Debug|Any CPU.ActiveCfg = Debug|Any CPU
		{4954D5AA-ED48-4E2F-873A-AB26F6346C6C}.Debug|Any CPU.Build.0 = Debug|Any CPU
		{4954D5AA-ED48-4E2F-873A-AB26F6346C6C}.Release|Any CPU.ActiveCfg = Release|Any CPU
		{4954D5AA-ED48-4E2F-873A-AB26F6346C6C}.Release|Any CPU.Build.0 = Release|Any CPU
		{7B0BE83B-14B0-4983-91FA-87F596AF9385}.Debug|Any CPU.ActiveCfg = Debug|Any CPU
		{7B0BE83B-14B0-4983-91FA-87F596AF9385}.Debug|Any CPU.Build.0 = Debug|Any CPU
		{7B0BE83B-14B0-4983-91FA-87F596AF9385}.Release|Any CPU.ActiveCfg = Release|Any CPU
		{7B0BE83B-14B0-4983-91FA-87F596AF9385}.Release|Any CPU.Build.0 = Release|Any CPU
		{A23C72BE-6145-4A63-95D4-B20BE8BF5122}.Debug|Any CPU.ActiveCfg = Debug|Any CPU
		{A23C72BE-6145-4A63-95D4-B20BE8BF5122}.Debug|Any CPU.Build.0 = Debug|Any CPU
		{A23C72BE-6145-4A63-95D4-B20BE8BF5122}.Release|Any CPU.ActiveCfg = Release|Any CPU
		{A23C72BE-6145-4A63-95D4-B20BE8BF5122}.Release|Any CPU.Build.0 = Release|Any CPU
		{963E4D4A-87D6-4154-84DA-175C08C5D124}.Debug|Any CPU.ActiveCfg = Debug|Any CPU
		{963E4D4A-87D6-4154-84DA-175C08C5D124}.Debug|Any CPU.Build.0 = Debug|Any CPU
		{963E4D4A-87D6-4154-84DA-175C08C5D124}.Release|Any CPU.ActiveCfg = Release|Any CPU
		{963E4D4A-87D6-4154-84DA-175C08C5D124}.Release|Any CPU.Build.0 = Release|Any CPU
	EndGlobalSection
	GlobalSection(SolutionProperties) = preSolution
		HideSolutionNode = FALSE
	EndGlobalSection
	GlobalSection(ExtensibilityGlobals) = postSolution
		SolutionGuid = {D1416A59-5AD3-4E74-ACD0-46C05BE4C809}
	EndGlobalSection
EndGlobal
